
Microsoft Visual Studio Solution File, Format Version 12.00
# Visual Studio Version 16
VisualStudioVersion = 16.0.30225.117
MinimumVisualStudioVersion = 10.0.40219.1
Project("{FAE04EC0-301F-11D3-BF4B-00C04F79EFBC}") = "ElectricalCircuitUI", "ElectricalCircuitUI\ElectricalCircuitUI.csproj", "{F3220611-036E-46B3-87A3-3653C2575C46}"
EndProject
Project("{FAE04EC0-301F-11D3-BF4B-00C04F79EFBC}") = "ElectricalCircuit", "ElectricalCircuit\ElectricalCircuit.csproj", "{18CE6D7D-1559-4ABE-965A-569A6F23A079}"
EndProject
Project("{2150E333-8FDC-42A3-9474-1A3956D46DE8}") = "Solution Items", "Solution Items", "{C9F9B96E-F38E-4E03-B8DF-E91ED72800FE}"
	ProjectSection(SolutionItems) = preProject
		.editorconfig = .editorconfig
	EndProjectSection
EndProject
Project("{FAE04EC0-301F-11D3-BF4B-00C04F79EFBC}") = "ElectricalCircuit.UnitTests", "ElectricalCircuit.UnitTests\ElectricalCircuit.UnitTests.csproj", "{4D3220E7-C505-4E72-B1F9-7F9738720617}"
EndProject
Global
	GlobalSection(SolutionConfigurationPlatforms) = preSolution
		Debug|Any CPU = Debug|Any CPU
		Release|Any CPU = Release|Any CPU
	EndGlobalSection
	GlobalSection(ProjectConfigurationPlatforms) = postSolution
		{F3220611-036E-46B3-87A3-3653C2575C46}.Debug|Any CPU.ActiveCfg = Debug|Any CPU
		{F3220611-036E-46B3-87A3-3653C2575C46}.Debug|Any CPU.Build.0 = Debug|Any CPU
		{F3220611-036E-46B3-87A3-3653C2575C46}.Release|Any CPU.ActiveCfg = Release|Any CPU
		{F3220611-036E-46B3-87A3-3653C2575C46}.Release|Any CPU.Build.0 = Release|Any CPU
		{18CE6D7D-1559-4ABE-965A-569A6F23A079}.Debug|Any CPU.ActiveCfg = Debug|Any CPU
		{18CE6D7D-1559-4ABE-965A-569A6F23A079}.Debug|Any CPU.Build.0 = Debug|Any CPU
		{18CE6D7D-1559-4ABE-965A-569A6F23A079}.Release|Any CPU.ActiveCfg = Release|Any CPU
		{18CE6D7D-1559-4ABE-965A-569A6F23A079}.Release|Any CPU.Build.0 = Release|Any CPU
		{4D3220E7-C505-4E72-B1F9-7F9738720617}.Debug|Any CPU.ActiveCfg = Debug|Any CPU
		{4D3220E7-C505-4E72-B1F9-7F9738720617}.Debug|Any CPU.Build.0 = Debug|Any CPU
		{4D3220E7-C505-4E72-B1F9-7F9738720617}.Release|Any CPU.ActiveCfg = Release|Any CPU
		{4D3220E7-C505-4E72-B1F9-7F9738720617}.Release|Any CPU.Build.0 = Release|Any CPU
	EndGlobalSection
	GlobalSection(SolutionProperties) = preSolution
		HideSolutionNode = FALSE
	EndGlobalSection
	GlobalSection(ExtensibilityGlobals) = postSolution
		SolutionGuid = {32E418DD-8353-47D9-A811-B09709E31C18}
	EndGlobalSection
EndGlobal
